
Microsoft Visual Studio Solution File, Format Version 12.00
# Visual Studio Version 17
VisualStudioVersion = 17.0.31903.59
MinimumVisualStudioVersion = 10.0.40219.1
Project("{FAE04EC0-301F-11D3-BF4B-00C04F79EFBC}") = "AgroLink.API", "AgroLink.API\AgroLink.API.csproj", "{21D3F48D-E904-4352-BF4E-5292B1CEFD11}"
EndProject
Project("{FAE04EC0-301F-11D3-BF4B-00C04F79EFBC}") = "AgroLink.Core", "AgroLink.Core\AgroLink.Core.csproj", "{93628E5E-2B54-45DF-B1F0-46A5F684C058}"
EndProject
Project("{FAE04EC0-301F-11D3-BF4B-00C04F79EFBC}") = "AgroLink.Infrastructure", "AgroLink.Infrastructure\AgroLink.Infrastructure.csproj", "{C2BE58EB-DD7E-4C1C-9D24-227ABBC7EEE6}"
EndProject
Project("{FAE04EC0-301F-11D3-BF4B-00C04F79EFBC}") = "AgroLink.Tests", "AgroLink.Tests\AgroLink.Tests.csproj", "{F5798DFA-44C4-4734-8745-07EA76A8F158}"
EndProject
Project("{FAE04EC0-301F-11D3-BF4B-00C04F79EFBC}") = "AgroLink.Application", "AgroLink.Application\AgroLink.Application.csproj", "{A65515D6-3B30-4B5D-8EDF-5B81B6F0F3CC}"
EndProject
Global
	GlobalSection(SolutionConfigurationPlatforms) = preSolution
		Debug|Any CPU = Debug|Any CPU
		Release|Any CPU = Release|Any CPU
	EndGlobalSection
	GlobalSection(ProjectConfigurationPlatforms) = postSolution
		{21D3F48D-E904-4352-BF4E-5292B1CEFD11}.Debug|Any CPU.ActiveCfg = Debug|Any CPU
		{21D3F48D-E904-4352-BF4E-5292B1CEFD11}.Debug|Any CPU.Build.0 = Debug|Any CPU
		{21D3F48D-E904-4352-BF4E-5292B1CEFD11}.Release|Any CPU.ActiveCfg = Release|Any CPU
		{21D3F48D-E904-4352-BF4E-5292B1CEFD11}.Release|Any CPU.Build.0 = Release|Any CPU
		{93628E5E-2B54-45DF-B1F0-46A5F684C058}.Debug|Any CPU.ActiveCfg = Debug|Any CPU
		{93628E5E-2B54-45DF-B1F0-46A5F684C058}.Debug|Any CPU.Build.0 = Debug|Any CPU
		{93628E5E-2B54-45DF-B1F0-46A5F684C058}.Release|Any CPU.ActiveCfg = Release|Any CPU
		{93628E5E-2B54-45DF-B1F0-46A5F684C058}.Release|Any CPU.Build.0 = Release|Any CPU
		{C2BE58EB-DD7E-4C1C-9D24-227ABBC7EEE6}.Debug|Any CPU.ActiveCfg = Debug|Any CPU
		{C2BE58EB-DD7E-4C1C-9D24-227ABBC7EEE6}.Debug|Any CPU.Build.0 = Debug|Any CPU
		{C2BE58EB-DD7E-4C1C-9D24-227ABBC7EEE6}.Release|Any CPU.ActiveCfg = Release|Any CPU
		{C2BE58EB-DD7E-4C1C-9D24-227ABBC7EEE6}.Release|Any CPU.Build.0 = Release|Any CPU
		{F5798DFA-44C4-4734-8745-07EA76A8F158}.Debug|Any CPU.ActiveCfg = Debug|Any CPU
		{F5798DFA-44C4-4734-8745-07EA76A8F158}.Debug|Any CPU.Build.0 = Debug|Any CPU
		{F5798DFA-44C4-4734-8745-07EA76A8F158}.Release|Any CPU.ActiveCfg = Release|Any CPU
		{F5798DFA-44C4-4734-8745-07EA76A8F158}.Release|Any CPU.Build.0 = Release|Any CPU
		{A65515D6-3B30-4B5D-8EDF-5B81B6F0F3CC}.Debug|Any CPU.ActiveCfg = Debug|Any CPU
		{A65515D6-3B30-4B5D-8EDF-5B81B6F0F3CC}.Debug|Any CPU.Build.0 = Debug|Any CPU
		{A65515D6-3B30-4B5D-8EDF-5B81B6F0F3CC}.Release|Any CPU.ActiveCfg = Release|Any CPU
		{A65515D6-3B30-4B5D-8EDF-5B81B6F0F3CC}.Release|Any CPU.Build.0 = Release|Any CPU
	EndGlobalSection
	GlobalSection(SolutionProperties) = preSolution
		HideSolutionNode = FALSE
	EndGlobalSection
EndGlobal
